
Microsoft Visual Studio Solution File, Format Version 12.00
# Visual Studio Version 16
VisualStudioVersion = 16.0.809.9
MinimumVisualStudioVersion = 10.0.40219.1
Project("{FAE04EC0-301F-11D3-BF4B-00C04F79EFBC}") = "PLSTN.Test", "PLSTN.Test\PLSTN.Test.csproj", "{92498675-9648-4FEC-9C81-B8FA2C9AEB66}"
EndProject
Project("{FAE04EC0-301F-11D3-BF4B-00C04F79EFBC}") = "Employees.API", "Employees.API\Employees.API\Employees.API.csproj", "{AFD52D8A-FCDD-47AD-AB4C-9CEF37455733}"
EndProject
Global
	GlobalSection(SolutionConfigurationPlatforms) = preSolution
		Debug|Any CPU = Debug|Any CPU
		Release|Any CPU = Release|Any CPU
	EndGlobalSection
	GlobalSection(ProjectConfigurationPlatforms) = postSolution
		{92498675-9648-4FEC-9C81-B8FA2C9AEB66}.Debug|Any CPU.ActiveCfg = Debug|Any CPU
		{92498675-9648-4FEC-9C81-B8FA2C9AEB66}.Debug|Any CPU.Build.0 = Debug|Any CPU
		{92498675-9648-4FEC-9C81-B8FA2C9AEB66}.Release|Any CPU.ActiveCfg = Release|Any CPU
		{92498675-9648-4FEC-9C81-B8FA2C9AEB66}.Release|Any CPU.Build.0 = Release|Any CPU
		{AFD52D8A-FCDD-47AD-AB4C-9CEF37455733}.Debug|Any CPU.ActiveCfg = Debug|Any CPU
		{AFD52D8A-FCDD-47AD-AB4C-9CEF37455733}.Debug|Any CPU.Build.0 = Debug|Any CPU
		{AFD52D8A-FCDD-47AD-AB4C-9CEF37455733}.Release|Any CPU.ActiveCfg = Release|Any CPU
		{AFD52D8A-FCDD-47AD-AB4C-9CEF37455733}.Release|Any CPU.Build.0 = Release|Any CPU
	EndGlobalSection
	GlobalSection(SolutionProperties) = preSolution
		HideSolutionNode = FALSE
	EndGlobalSection
	GlobalSection(ExtensibilityGlobals) = postSolution
		SolutionGuid = {92703A77-9D8E-4323-ADA3-4FA0EBCF5428}
	EndGlobalSection
EndGlobal
